// !$*UTF8*$!
{
	archiveVersion = 1;
	classes = {
	};
	objectVersion = 55;
	objects = {

/* Begin PBXBuildFile section */
		0443DC17272480D7007397D6 /* CinemaList.swift in Sources */ = {isa = PBXBuildFile; fileRef = 0443DC16272480D7007397D6 /* CinemaList.swift */; };
		0443DC19272487F7007397D6 /* Cinema.swift in Sources */ = {isa = PBXBuildFile; fileRef = 0443DC18272487F6007397D6 /* Cinema.swift */; };
		04867FB3271ADBE1003199F6 /* AppDelegate.swift in Sources */ = {isa = PBXBuildFile; fileRef = 04867FB2271ADBE1003199F6 /* AppDelegate.swift */; };
		04867FB5271ADBE1003199F6 /* SceneDelegate.swift in Sources */ = {isa = PBXBuildFile; fileRef = 04867FB4271ADBE1003199F6 /* SceneDelegate.swift */; };
		04867FB7271ADBE1003199F6 /* ViewController.swift in Sources */ = {isa = PBXBuildFile; fileRef = 04867FB6271ADBE1003199F6 /* ViewController.swift */; };
		04867FBA271ADBE1003199F6 /* Main.storyboard in Resources */ = {isa = PBXBuildFile; fileRef = 04867FB8271ADBE1003199F6 /* Main.storyboard */; };
		04867FBC271ADBE5003199F6 /* Assets.xcassets in Resources */ = {isa = PBXBuildFile; fileRef = 04867FBB271ADBE5003199F6 /* Assets.xcassets */; };
		04867FBF271ADBE5003199F6 /* LaunchScreen.storyboard in Resources */ = {isa = PBXBuildFile; fileRef = 04867FBD271ADBE5003199F6 /* LaunchScreen.storyboard */; };
		04867FC7271C2442003199F6 /* MainViewController.swift in Sources */ = {isa = PBXBuildFile; fileRef = 04867FC6271C2442003199F6 /* MainViewController.swift */; };
		0493AE412721427A00601A64 /* CinemaViewController.swift in Sources */ = {isa = PBXBuildFile; fileRef = 0493AE402721427A00601A64 /* CinemaViewController.swift */; };
		04ADA52D271C3B9600FB4482 /* MainTableViewCell.swift in Sources */ = {isa = PBXBuildFile; fileRef = 04ADA52C271C3B9600FB4482 /* MainTableViewCell.swift */; };
		04ADA52F271C3E7E00FB4482 /* SearchViewController.swift in Sources */ = {isa = PBXBuildFile; fileRef = 04ADA52E271C3E7E00FB4482 /* SearchViewController.swift */; };
		04ADA531271C419300FB4482 /* TvShowInfo.swift in Sources */ = {isa = PBXBuildFile; fileRef = 04ADA530271C419300FB4482 /* TvShowInfo.swift */; };
		04DE6609271F437C00690EDA /* Kingfisher in Frameworks */ = {isa = PBXBuildFile; productRef = 04DE6608271F437C00690EDA /* Kingfisher */; };
		04DE660B271F555300690EDA /* LocationTableViewCell.swift in Sources */ = {isa = PBXBuildFile; fileRef = 04DE660A271F555300690EDA /* LocationTableViewCell.swift */; };
		04DE660D271F669D00690EDA /* BookViewController.swift in Sources */ = {isa = PBXBuildFile; fileRef = 04DE660C271F669D00690EDA /* BookViewController.swift */; };
		04DE6614271F687700690EDA /* BookCollectionViewCell.swift in Sources */ = {isa = PBXBuildFile; fileRef = 04DE6612271F687700690EDA /* BookCollectionViewCell.swift */; };
		04DE6615271F687700690EDA /* BookCollectionViewCell.xib in Resources */ = {isa = PBXBuildFile; fileRef = 04DE6613271F687700690EDA /* BookCollectionViewCell.xib */; };
		04DE6618271F718B00690EDA /* Toast in Frameworks */ = {isa = PBXBuildFile; productRef = 04DE6617271F718B00690EDA /* Toast */; };
		04F2851D271C49C8000A8E15 /* Tvshow.swift in Sources */ = {isa = PBXBuildFile; fileRef = 04F2851C271C49C8000A8E15 /* Tvshow.swift */; };
		04F28521271C5D73000A8E15 /* CastViewController.swift in Sources */ = {isa = PBXBuildFile; fileRef = 04F28520271C5D73000A8E15 /* CastViewController.swift */; };
		04F28523271C603C000A8E15 /* CastTableViewCell.swift in Sources */ = {isa = PBXBuildFile; fileRef = 04F28522271C603C000A8E15 /* CastTableViewCell.swift */; };
		04F28525271C6EBB000A8E15 /* SearchTableViewCell.swift in Sources */ = {isa = PBXBuildFile; fileRef = 04F28524271C6EBB000A8E15 /* SearchTableViewCell.swift */; };
/* End PBXBuildFile section */

/* Begin PBXFileReference section */
		0443DC16272480D7007397D6 /* CinemaList.swift */ = {isa = PBXFileReference; lastKnownFileType = sourcecode.swift; path = CinemaList.swift; sourceTree = "<group>"; };
		0443DC18272487F6007397D6 /* Cinema.swift */ = {isa = PBXFileReference; lastKnownFileType = sourcecode.swift; path = Cinema.swift; sourceTree = "<group>"; };
		04867FAF271ADBE1003199F6 /* TrendMediaProject.app */ = {isa = PBXFileReference; explicitFileType = wrapper.application; includeInIndex = 0; path = TrendMediaProject.app; sourceTree = BUILT_PRODUCTS_DIR; };
		04867FB2271ADBE1003199F6 /* AppDelegate.swift */ = {isa = PBXFileReference; lastKnownFileType = sourcecode.swift; path = AppDelegate.swift; sourceTree = "<group>"; };
		04867FB4271ADBE1003199F6 /* SceneDelegate.swift */ = {isa = PBXFileReference; lastKnownFileType = sourcecode.swift; path = SceneDelegate.swift; sourceTree = "<group>"; };
		04867FB6271ADBE1003199F6 /* ViewController.swift */ = {isa = PBXFileReference; lastKnownFileType = sourcecode.swift; path = ViewController.swift; sourceTree = "<group>"; };
		04867FB9271ADBE1003199F6 /* Base */ = {isa = PBXFileReference; lastKnownFileType = file.storyboard; name = Base; path = Base.lproj/Main.storyboard; sourceTree = "<group>"; };
		04867FBB271ADBE5003199F6 /* Assets.xcassets */ = {isa = PBXFileReference; lastKnownFileType = folder.assetcatalog; path = Assets.xcassets; sourceTree = "<group>"; };
		04867FBE271ADBE5003199F6 /* Base */ = {isa = PBXFileReference; lastKnownFileType = file.storyboard; name = Base; path = Base.lproj/LaunchScreen.storyboard; sourceTree = "<group>"; };
		04867FC0271ADBE5003199F6 /* Info.plist */ = {isa = PBXFileReference; lastKnownFileType = text.plist.xml; path = Info.plist; sourceTree = "<group>"; };
		04867FC6271C2442003199F6 /* MainViewController.swift */ = {isa = PBXFileReference; lastKnownFileType = sourcecode.swift; path = MainViewController.swift; sourceTree = "<group>"; };
		0493AE402721427A00601A64 /* CinemaViewController.swift */ = {isa = PBXFileReference; lastKnownFileType = sourcecode.swift; path = CinemaViewController.swift; sourceTree = "<group>"; };
		04ADA52C271C3B9600FB4482 /* MainTableViewCell.swift */ = {isa = PBXFileReference; lastKnownFileType = sourcecode.swift; path = MainTableViewCell.swift; sourceTree = "<group>"; };
		04ADA52E271C3E7E00FB4482 /* SearchViewController.swift */ = {isa = PBXFileReference; lastKnownFileType = sourcecode.swift; path = SearchViewController.swift; sourceTree = "<group>"; };
		04ADA530271C419300FB4482 /* TvShowInfo.swift */ = {isa = PBXFileReference; lastKnownFileType = sourcecode.swift; path = TvShowInfo.swift; sourceTree = "<group>"; };
		04DE660A271F555300690EDA /* LocationTableViewCell.swift */ = {isa = PBXFileReference; lastKnownFileType = sourcecode.swift; path = LocationTableViewCell.swift; sourceTree = "<group>"; };
		04DE660C271F669D00690EDA /* BookViewController.swift */ = {isa = PBXFileReference; lastKnownFileType = sourcecode.swift; path = BookViewController.swift; sourceTree = "<group>"; };
		04DE6612271F687700690EDA /* BookCollectionViewCell.swift */ = {isa = PBXFileReference; lastKnownFileType = sourcecode.swift; path = BookCollectionViewCell.swift; sourceTree = "<group>"; };
		04DE6613271F687700690EDA /* BookCollectionViewCell.xib */ = {isa = PBXFileReference; lastKnownFileType = file.xib; path = BookCollectionViewCell.xib; sourceTree = "<group>"; };
		04F2851C271C49C8000A8E15 /* Tvshow.swift */ = {isa = PBXFileReference; lastKnownFileType = sourcecode.swift; path = Tvshow.swift; sourceTree = "<group>"; };
		04F28520271C5D73000A8E15 /* CastViewController.swift */ = {isa = PBXFileReference; lastKnownFileType = sourcecode.swift; path = CastViewController.swift; sourceTree = "<group>"; };
		04F28522271C603C000A8E15 /* CastTableViewCell.swift */ = {isa = PBXFileReference; lastKnownFileType = sourcecode.swift; path = CastTableViewCell.swift; sourceTree = "<group>"; };
		04F28524271C6EBB000A8E15 /* SearchTableViewCell.swift */ = {isa = PBXFileReference; lastKnownFileType = sourcecode.swift; path = SearchTableViewCell.swift; sourceTree = "<group>"; };
/* End PBXFileReference section */

/* Begin PBXFrameworksBuildPhase section */
		04867FAC271ADBE1003199F6 /* Frameworks */ = {
			isa = PBXFrameworksBuildPhase;
			buildActionMask = 2147483647;
			files = (
				04DE6618271F718B00690EDA /* Toast in Frameworks */,
				04DE6609271F437C00690EDA /* Kingfisher in Frameworks */,
			);
			runOnlyForDeploymentPostprocessing = 0;
		};
/* End PBXFrameworksBuildPhase section */

/* Begin PBXGroup section */
		04867FA6271ADBE0003199F6 = {
			isa = PBXGroup;
			children = (
				04867FB1271ADBE1003199F6 /* TrendMediaProject */,
				04867FB0271ADBE1003199F6 /* Products */,
			);
			sourceTree = "<group>";
		};
		04867FB0271ADBE1003199F6 /* Products */ = {
			isa = PBXGroup;
			children = (
				04867FAF271ADBE1003199F6 /* TrendMediaProject.app */,
			);
			name = Products;
			sourceTree = "<group>";
		};
		04867FB1271ADBE1003199F6 /* TrendMediaProject */ = {
			isa = PBXGroup;
			children = (
				04867FB2271ADBE1003199F6 /* AppDelegate.swift */,
				04867FB4271ADBE1003199F6 /* SceneDelegate.swift */,
				04867FB6271ADBE1003199F6 /* ViewController.swift */,
				04867FB8271ADBE1003199F6 /* Main.storyboard */,
				0443DC16272480D7007397D6 /* CinemaList.swift */,
				0443DC18272487F6007397D6 /* Cinema.swift */,
				0493AE402721427A00601A64 /* CinemaViewController.swift */,
				04DE6612271F687700690EDA /* BookCollectionViewCell.swift */,
				04DE6613271F687700690EDA /* BookCollectionViewCell.xib */,
				04DE660C271F669D00690EDA /* BookViewController.swift */,
				04DE660A271F555300690EDA /* LocationTableViewCell.swift */,
				04F28524271C6EBB000A8E15 /* SearchTableViewCell.swift */,
				04F28522271C603C000A8E15 /* CastTableViewCell.swift */,
				04F28520271C5D73000A8E15 /* CastViewController.swift */,
				04ADA52E271C3E7E00FB4482 /* SearchViewController.swift */,
				04ADA52C271C3B9600FB4482 /* MainTableViewCell.swift */,
				04867FC6271C2442003199F6 /* MainViewController.swift */,
				04867FBB271ADBE5003199F6 /* Assets.xcassets */,
				04867FBD271ADBE5003199F6 /* LaunchScreen.storyboard */,
				04ADA530271C419300FB4482 /* TvShowInfo.swift */,
				04867FC0271ADBE5003199F6 /* Info.plist */,
				04F2851C271C49C8000A8E15 /* Tvshow.swift */,
			);
			path = TrendMediaProject;
			sourceTree = "<group>";
		};
/* End PBXGroup section */

/* Begin PBXNativeTarget section */
		04867FAE271ADBE1003199F6 /* TrendMediaProject */ = {
			isa = PBXNativeTarget;
			buildConfigurationList = 04867FC3271ADBE5003199F6 /* Build configuration list for PBXNativeTarget "TrendMediaProject" */;
			buildPhases = (
				04867FAB271ADBE1003199F6 /* Sources */,
				04867FAC271ADBE1003199F6 /* Frameworks */,
				04867FAD271ADBE1003199F6 /* Resources */,
			);
			buildRules = (
			);
			dependencies = (
			);
			name = TrendMediaProject;
			packageProductDependencies = (
				04DE6608271F437C00690EDA /* Kingfisher */,
				04DE6617271F718B00690EDA /* Toast */,
			);
			productName = TrendMediaProject;
			productReference = 04867FAF271ADBE1003199F6 /* TrendMediaProject.app */;
			productType = "com.apple.product-type.application";
		};
/* End PBXNativeTarget section */

/* Begin PBXProject section */
		04867FA7271ADBE0003199F6 /* Project object */ = {
			isa = PBXProject;
			attributes = {
				BuildIndependentTargetsInParallel = 1;
				LastSwiftUpdateCheck = 1300;
				LastUpgradeCheck = 1300;
				TargetAttributes = {
					04867FAE271ADBE1003199F6 = {
						CreatedOnToolsVersion = 13.0;
					};
				};
			};
			buildConfigurationList = 04867FAA271ADBE0003199F6 /* Build configuration list for PBXProject "TrendMediaProject" */;
			compatibilityVersion = "Xcode 13.0";
			developmentRegion = en;
			hasScannedForEncodings = 0;
			knownRegions = (
				en,
				Base,
			);
			mainGroup = 04867FA6271ADBE0003199F6;
			packageReferences = (
				04DE6607271F437C00690EDA /* XCRemoteSwiftPackageReference "Kingfisher" */,
				04DE6616271F718B00690EDA /* XCRemoteSwiftPackageReference "Toast-Swift" */,
			);
			productRefGroup = 04867FB0271ADBE1003199F6 /* Products */;
			projectDirPath = "";
			projectRoot = "";
			targets = (
				04867FAE271ADBE1003199F6 /* TrendMediaProject */,
			);
		};
/* End PBXProject section */

/* Begin PBXResourcesBuildPhase section */
		04867FAD271ADBE1003199F6 /* Resources */ = {
			isa = PBXResourcesBuildPhase;
			buildActionMask = 2147483647;
			files = (
				04867FBF271ADBE5003199F6 /* LaunchScreen.storyboard in Resources */,
				04DE6615271F687700690EDA /* BookCollectionViewCell.xib in Resources */,
				04867FBC271ADBE5003199F6 /* Assets.xcassets in Resources */,
				04867FBA271ADBE1003199F6 /* Main.storyboard in Resources */,
			);
			runOnlyForDeploymentPostprocessing = 0;
		};
/* End PBXResourcesBuildPhase section */

/* Begin PBXSourcesBuildPhase section */
		04867FAB271ADBE1003199F6 /* Sources */ = {
			isa = PBXSourcesBuildPhase;
			buildActionMask = 2147483647;
			files = (
				04ADA52F271C3E7E00FB4482 /* SearchViewController.swift in Sources */,
				0493AE412721427A00601A64 /* CinemaViewController.swift in Sources */,
				0443DC19272487F7007397D6 /* Cinema.swift in Sources */,
				04ADA531271C419300FB4482 /* TvShowInfo.swift in Sources */,
				04F2851D271C49C8000A8E15 /* Tvshow.swift in Sources */,
				0443DC17272480D7007397D6 /* CinemaList.swift in Sources */,
				04867FB7271ADBE1003199F6 /* ViewController.swift in Sources */,
				04F28525271C6EBB000A8E15 /* SearchTableViewCell.swift in Sources */,
				04867FB3271ADBE1003199F6 /* AppDelegate.swift in Sources */,
				04DE660B271F555300690EDA /* LocationTableViewCell.swift in Sources */,
				04F28521271C5D73000A8E15 /* CastViewController.swift in Sources */,
				04F28523271C603C000A8E15 /* CastTableViewCell.swift in Sources */,
				04DE660D271F669D00690EDA /* BookViewController.swift in Sources */,
				04867FB5271ADBE1003199F6 /* SceneDelegate.swift in Sources */,
				04DE6614271F687700690EDA /* BookCollectionViewCell.swift in Sources */,
				04ADA52D271C3B9600FB4482 /* MainTableViewCell.swift in Sources */,
				04867FC7271C2442003199F6 /* MainViewController.swift in Sources */,
			);
			runOnlyForDeploymentPostprocessing = 0;
		};
/* End PBXSourcesBuildPhase section */

/* Begin PBXVariantGroup section */
		04867FB8271ADBE1003199F6 /* Main.storyboard */ = {
			isa = PBXVariantGroup;
			children = (
				04867FB9271ADBE1003199F6 /* Base */,
			);
			name = Main.storyboard;
			sourceTree = "<group>";
		};
		04867FBD271ADBE5003199F6 /* LaunchScreen.storyboard */ = {
			isa = PBXVariantGroup;
			children = (
				04867FBE271ADBE5003199F6 /* Base */,
			);
			name = LaunchScreen.storyboard;
			sourceTree = "<group>";
		};
/* End PBXVariantGroup section */

/* Begin XCBuildConfiguration section */
		04867FC1271ADBE5003199F6 /* Debug */ = {
			isa = XCBuildConfiguration;
			buildSettings = {
				ALWAYS_SEARCH_USER_PATHS = NO;
				CLANG_ANALYZER_NONNULL = YES;
				CLANG_ANALYZER_NUMBER_OBJECT_CONVERSION = YES_AGGRESSIVE;
				CLANG_CXX_LANGUAGE_STANDARD = "gnu++17";
				CLANG_CXX_LIBRARY = "libc++";
				CLANG_ENABLE_MODULES = YES;
				CLANG_ENABLE_OBJC_ARC = YES;
				CLANG_ENABLE_OBJC_WEAK = YES;
				CLANG_WARN_BLOCK_CAPTURE_AUTORELEASING = YES;
				CLANG_WARN_BOOL_CONVERSION = YES;
				CLANG_WARN_COMMA = YES;
				CLANG_WARN_CONSTANT_CONVERSION = YES;
				CLANG_WARN_DEPRECATED_OBJC_IMPLEMENTATIONS = YES;
				CLANG_WARN_DIRECT_OBJC_ISA_USAGE = YES_ERROR;
				CLANG_WARN_DOCUMENTATION_COMMENTS = YES;
				CLANG_WARN_EMPTY_BODY = YES;
				CLANG_WARN_ENUM_CONVERSION = YES;
				CLANG_WARN_INFINITE_RECURSION = YES;
				CLANG_WARN_INT_CONVERSION = YES;
				CLANG_WARN_NON_LITERAL_NULL_CONVERSION = YES;
				CLANG_WARN_OBJC_IMPLICIT_RETAIN_SELF = YES;
				CLANG_WARN_OBJC_LITERAL_CONVERSION = YES;
				CLANG_WARN_OBJC_ROOT_CLASS = YES_ERROR;
				CLANG_WARN_QUOTED_INCLUDE_IN_FRAMEWORK_HEADER = YES;
				CLANG_WARN_RANGE_LOOP_ANALYSIS = YES;
				CLANG_WARN_STRICT_PROTOTYPES = YES;
				CLANG_WARN_SUSPICIOUS_MOVE = YES;
				CLANG_WARN_UNGUARDED_AVAILABILITY = YES_AGGRESSIVE;
				CLANG_WARN_UNREACHABLE_CODE = YES;
				CLANG_WARN__DUPLICATE_METHOD_MATCH = YES;
				COPY_PHASE_STRIP = NO;
				DEBUG_INFORMATION_FORMAT = dwarf;
				ENABLE_STRICT_OBJC_MSGSEND = YES;
				ENABLE_TESTABILITY = YES;
				GCC_C_LANGUAGE_STANDARD = gnu11;
				GCC_DYNAMIC_NO_PIC = NO;
				GCC_NO_COMMON_BLOCKS = YES;
				GCC_OPTIMIZATION_LEVEL = 0;
				GCC_PREPROCESSOR_DEFINITIONS = (
					"DEBUG=1",
					"$(inherited)",
				);
				GCC_WARN_64_TO_32_BIT_CONVERSION = YES;
				GCC_WARN_ABOUT_RETURN_TYPE = YES_ERROR;
				GCC_WARN_UNDECLARED_SELECTOR = YES;
				GCC_WARN_UNINITIALIZED_AUTOS = YES_AGGRESSIVE;
				GCC_WARN_UNUSED_FUNCTION = YES;
				GCC_WARN_UNUSED_VARIABLE = YES;
				IPHONEOS_DEPLOYMENT_TARGET = 15.0;
				MTL_ENABLE_DEBUG_INFO = INCLUDE_SOURCE;
				MTL_FAST_MATH = YES;
				ONLY_ACTIVE_ARCH = YES;
				SDKROOT = iphoneos;
				SWIFT_ACTIVE_COMPILATION_CONDITIONS = DEBUG;
				SWIFT_OPTIMIZATION_LEVEL = "-Onone";
			};
			name = Debug;
		};
		04867FC2271ADBE5003199F6 /* Release */ = {
			isa = XCBuildConfiguration;
			buildSettings = {
				ALWAYS_SEARCH_USER_PATHS = NO;
				CLANG_ANALYZER_NONNULL = YES;
				CLANG_ANALYZER_NUMBER_OBJECT_CONVERSION = YES_AGGRESSIVE;
				CLANG_CXX_LANGUAGE_STANDARD = "gnu++17";
				CLANG_CXX_LIBRARY = "libc++";
				CLANG_ENABLE_MODULES = YES;
				CLANG_ENABLE_OBJC_ARC = YES;
				CLANG_ENABLE_OBJC_WEAK = YES;
				CLANG_WARN_BLOCK_CAPTURE_AUTORELEASING = YES;
				CLANG_WARN_BOOL_CONVERSION = YES;
				CLANG_WARN_COMMA = YES;
				CLANG_WARN_CONSTANT_CONVERSION = YES;
				CLANG_WARN_DEPRECATED_OBJC_IMPLEMENTATIONS = YES;
				CLANG_WARN_DIRECT_OBJC_ISA_USAGE = YES_ERROR;
				CLANG_WARN_DOCUMENTATION_COMMENTS = YES;
				CLANG_WARN_EMPTY_BODY = YES;
				CLANG_WARN_ENUM_CONVERSION = YES;
				CLANG_WARN_INFINITE_RECURSION = YES;
				CLANG_WARN_INT_CONVERSION = YES;
				CLANG_WARN_NON_LITERAL_NULL_CONVERSION = YES;
				CLANG_WARN_OBJC_IMPLICIT_RETAIN_SELF = YES;
				CLANG_WARN_OBJC_LITERAL_CONVERSION = YES;
				CLANG_WARN_OBJC_ROOT_CLASS = YES_ERROR;
				CLANG_WARN_QUOTED_INCLUDE_IN_FRAMEWORK_HEADER = YES;
				CLANG_WARN_RANGE_LOOP_ANALYSIS = YES;
				CLANG_WARN_STRICT_PROTOTYPES = YES;
				CLANG_WARN_SUSPICIOUS_MOVE = YES;
				CLANG_WARN_UNGUARDED_AVAILABILITY = YES_AGGRESSIVE;
				CLANG_WARN_UNREACHABLE_CODE = YES;
				CLANG_WARN__DUPLICATE_METHOD_MATCH = YES;
				COPY_PHASE_STRIP = NO;
				DEBUG_INFORMATION_FORMAT = "dwarf-with-dsym";
				ENABLE_NS_ASSERTIONS = NO;
				ENABLE_STRICT_OBJC_MSGSEND = YES;
				GCC_C_LANGUAGE_STANDARD = gnu11;
				GCC_NO_COMMON_BLOCKS = YES;
				GCC_WARN_64_TO_32_BIT_CONVERSION = YES;
				GCC_WARN_ABOUT_RETURN_TYPE = YES_ERROR;
				GCC_WARN_UNDECLARED_SELECTOR = YES;
				GCC_WARN_UNINITIALIZED_AUTOS = YES_AGGRESSIVE;
				GCC_WARN_UNUSED_FUNCTION = YES;
				GCC_WARN_UNUSED_VARIABLE = YES;
				IPHONEOS_DEPLOYMENT_TARGET = 15.0;
				MTL_ENABLE_DEBUG_INFO = NO;
				MTL_FAST_MATH = YES;
				SDKROOT = iphoneos;
				SWIFT_COMPILATION_MODE = wholemodule;
				SWIFT_OPTIMIZATION_LEVEL = "-O";
				VALIDATE_PRODUCT = YES;
			};
			name = Release;
		};
		04867FC4271ADBE5003199F6 /* Debug */ = {
			isa = XCBuildConfiguration;
			buildSettings = {
				ASSETCATALOG_COMPILER_APPICON_NAME = AppIcon;
				ASSETCATALOG_COMPILER_GLOBAL_ACCENT_COLOR_NAME = AccentColor;
				CODE_SIGN_STYLE = Automatic;
				CURRENT_PROJECT_VERSION = 1;
				DEVELOPMENT_TEAM = 75QD4ZR23L;
				GENERATE_INFOPLIST_FILE = YES;
				INFOPLIST_FILE = TrendMediaProject/Info.plist;
				INFOPLIST_KEY_UIApplicationSupportsIndirectInputEvents = YES;
				INFOPLIST_KEY_UILaunchStoryboardName = LaunchScreen;
				INFOPLIST_KEY_UIMainStoryboardFile = Main;
				INFOPLIST_KEY_UISupportedInterfaceOrientations_iPad = "UIInterfaceOrientationPortrait UIInterfaceOrientationPortraitUpsideDown UIInterfaceOrientationLandscapeLeft UIInterfaceOrientationLandscapeRight";
				INFOPLIST_KEY_UISupportedInterfaceOrientations_iPhone = "UIInterfaceOrientationPortrait UIInterfaceOrientationLandscapeLeft UIInterfaceOrientationLandscapeRight";
				LD_RUNPATH_SEARCH_PATHS = (
					"$(inherited)",
					"@executable_path/Frameworks",
				);
				MARKETING_VERSION = 1.0;
				PRODUCT_BUNDLE_IDENTIFIER = com.ssac.TrendMediaProject;
				PRODUCT_NAME = "$(TARGET_NAME)";
				SWIFT_EMIT_LOC_STRINGS = YES;
				SWIFT_VERSION = 5.0;
				TARGETED_DEVICE_FAMILY = "1,2";
			};
			name = Debug;
		};
		04867FC5271ADBE5003199F6 /* Release */ = {
			isa = XCBuildConfiguration;
			buildSettings = {
				ASSETCATALOG_COMPILER_APPICON_NAME = AppIcon;
				ASSETCATALOG_COMPILER_GLOBAL_ACCENT_COLOR_NAME = AccentColor;
				CODE_SIGN_STYLE = Automatic;
				CURRENT_PROJECT_VERSION = 1;
				DEVELOPMENT_TEAM = 75QD4ZR23L;
				GENERATE_INFOPLIST_FILE = YES;
				INFOPLIST_FILE = TrendMediaProject/Info.plist;
				INFOPLIST_KEY_UIApplicationSupportsIndirectInputEvents = YES;
				INFOPLIST_KEY_UILaunchStoryboardName = LaunchScreen;
				INFOPLIST_KEY_UIMainStoryboardFile = Main;
				INFOPLIST_KEY_UISupportedInterfaceOrientations_iPad = "UIInterfaceOrientationPortrait UIInterfaceOrientationPortraitUpsideDown UIInterfaceOrientationLandscapeLeft UIInterfaceOrientationLandscapeRight";
				INFOPLIST_KEY_UISupportedInterfaceOrientations_iPhone = "UIInterfaceOrientationPortrait UIInterfaceOrientationLandscapeLeft UIInterfaceOrientationLandscapeRight";
				LD_RUNPATH_SEARCH_PATHS = (
					"$(inherited)",
					"@executable_path/Frameworks",
				);
				MARKETING_VERSION = 1.0;
				PRODUCT_BUNDLE_IDENTIFIER = com.ssac.TrendMediaProject;
				PRODUCT_NAME = "$(TARGET_NAME)";
				SWIFT_EMIT_LOC_STRINGS = YES;
				SWIFT_VERSION = 5.0;
				TARGETED_DEVICE_FAMILY = "1,2";
			};
			name = Release;
		};
/* End XCBuildConfiguration section */

/* Begin XCConfigurationList section */
		04867FAA271ADBE0003199F6 /* Build configuration list for PBXProject "TrendMediaProject" */ = {
			isa = XCConfigurationList;
			buildConfigurations = (
				04867FC1271ADBE5003199F6 /* Debug */,
				04867FC2271ADBE5003199F6 /* Release */,
			);
			defaultConfigurationIsVisible = 0;
			defaultConfigurationName = Release;
		};
		04867FC3271ADBE5003199F6 /* Build configuration list for PBXNativeTarget "TrendMediaProject" */ = {
			isa = XCConfigurationList;
			buildConfigurations = (
				04867FC4271ADBE5003199F6 /* Debug */,
				04867FC5271ADBE5003199F6 /* Release */,
			);
			defaultConfigurationIsVisible = 0;
			defaultConfigurationName = Release;
		};
/* End XCConfigurationList section */

/* Begin XCRemoteSwiftPackageReference section */
		04DE6607271F437C00690EDA /* XCRemoteSwiftPackageReference "Kingfisher" */ = {
			isa = XCRemoteSwiftPackageReference;
			repositoryURL = "https://github.com/onevcat/Kingfisher.git";
			requirement = {
				kind = upToNextMajorVersion;
				minimumVersion = 7.0.0;
			};
		};
		04DE6616271F718B00690EDA /* XCRemoteSwiftPackageReference "Toast-Swift" */ = {
			isa = XCRemoteSwiftPackageReference;
			repositoryURL = "https://github.com/scalessec/Toast-Swift";
			requirement = {
				kind = upToNextMajorVersion;
				minimumVersion = 5.0.0;
			};
		};
/* End XCRemoteSwiftPackageReference section */

/* Begin XCSwiftPackageProductDependency section */
		04DE6608271F437C00690EDA /* Kingfisher */ = {
			isa = XCSwiftPackageProductDependency;
			package = 04DE6607271F437C00690EDA /* XCRemoteSwiftPackageReference "Kingfisher" */;
			productName = Kingfisher;
		};
		04DE6617271F718B00690EDA /* Toast */ = {
			isa = XCSwiftPackageProductDependency;
			package = 04DE6616271F718B00690EDA /* XCRemoteSwiftPackageReference "Toast-Swift" */;
			productName = Toast;
		};
/* End XCSwiftPackageProductDependency section */
	};
	rootObject = 04867FA7271ADBE0003199F6 /* Project object */;
}
